
Microsoft Visual Studio Solution File, Format Version 11.00
# Visual Studio 2010
Project("{FAE04EC0-301F-11D3-BF4B-00C04F79EFBC}") = "BKDR beta", "Assembly-CSharp.csproj", "{40768E07-EDF7-7137-FA3E-35381F028325}"
EndProject
Project("{FAE04EC0-301F-11D3-BF4B-00C04F79EFBC}") = "BKDR beta", "Assembly-CSharp-Editor.csproj", "{D3F25E75-B0BF-9590-1264-CBC351F0F718}"
EndProject
Global
	GlobalSection(SolutionConfigurationPlatforms) = preSolution
		Debug|Any CPU = Debug|Any CPU
		Release|Any CPU = Release|Any CPU
	EndGlobalSection
	GlobalSection(ProjectConfigurationPlatforms) = postSolution
		{40768E07-EDF7-7137-FA3E-35381F028325}.Debug|Any CPU.ActiveCfg = Debug|Any CPU
		{40768E07-EDF7-7137-FA3E-35381F028325}.Debug|Any CPU.Build.0 = Debug|Any CPU
		{40768E07-EDF7-7137-FA3E-35381F028325}.Release|Any CPU.ActiveCfg = Release|Any CPU
		{40768E07-EDF7-7137-FA3E-35381F028325}.Release|Any CPU.Build.0 = Release|Any CPU
		{D3F25E75-B0BF-9590-1264-CBC351F0F718}.Debug|Any CPU.ActiveCfg = Debug|Any CPU
		{D3F25E75-B0BF-9590-1264-CBC351F0F718}.Debug|Any CPU.Build.0 = Debug|Any CPU
		{D3F25E75-B0BF-9590-1264-CBC351F0F718}.Release|Any CPU.ActiveCfg = Release|Any CPU
		{D3F25E75-B0BF-9590-1264-CBC351F0F718}.Release|Any CPU.Build.0 = Release|Any CPU
	EndGlobalSection
	GlobalSection(SolutionProperties) = preSolution
		HideSolutionNode = FALSE
	EndGlobalSection
	GlobalSection(MonoDevelopProperties) = preSolution
		StartupItem = Assembly-CSharp.csproj
	EndGlobalSection
EndGlobal
